{
  "name": "demo-drone-app",
  "version": "1.0.0",
  "lockfileVersion": 1,
  "requires": true,
  "dependencies": {
    "vuetify": {
      "version": "0.17.7",
      "resolved": "https://registry.npmjs.org/vuetify/-/vuetify-0.17.7.tgz",
      "integrity": "sha512-Brk8dOeR/vkG4By5r2JXtS1jJojP3sFOtyTXtflH7aVPF+14Z0xBNO3nM4QuPgWofHi3pw/9maJZEbDVND7iNQ=="
    }
  }
}
